
Microsoft Visual Studio Solution File, Format Version 12.00
# Visual Studio 15
VisualStudioVersion = 15.0.28307.1972
MinimumVisualStudioVersion = 10.0.40219.1
Project("{FAE04EC0-301F-11D3-BF4B-00C04F79EFBC}") = "Selenium-test", "Selenium-test\Selenium-test.csproj", "{78E82011-7087-42FD-97A2-D2B375D6131D}"
EndProject
Global
	GlobalSection(SolutionConfigurationPlatforms) = preSolution
		Debug|Any CPU = Debug|Any CPU
		Release|Any CPU = Release|Any CPU
	EndGlobalSection
	GlobalSection(ProjectConfigurationPlatforms) = postSolution
		{78E82011-7087-42FD-97A2-D2B375D6131D}.Debug|Any CPU.ActiveCfg = Debug|Any CPU
		{78E82011-7087-42FD-97A2-D2B375D6131D}.Debug|Any CPU.Build.0 = Debug|Any CPU
		{78E82011-7087-42FD-97A2-D2B375D6131D}.Release|Any CPU.ActiveCfg = Release|Any CPU
		{78E82011-7087-42FD-97A2-D2B375D6131D}.Release|Any CPU.Build.0 = Release|Any CPU
	EndGlobalSection
	GlobalSection(SolutionProperties) = preSolution
		HideSolutionNode = FALSE
	EndGlobalSection
	GlobalSection(ExtensibilityGlobals) = postSolution
		SolutionGuid = {47A62F87-4993-4A70-936E-D74C61675C5E}
	EndGlobalSection
EndGlobal
